
Microsoft Visual Studio Solution File, Format Version 12.00
# Visual Studio Version 17
VisualStudioVersion = 17.8.34408.163
MinimumVisualStudioVersion = 10.0.40219.1
Project("{9A19103F-16F7-4668-BE54-9A1E7A4F7556}") = "WebApplication1", "WebApplication1\WebApplication1.csproj", "{A7044B8B-3072-4E96-AAF0-7F6287606A28}"
EndProject
Project("{FAE04EC0-301F-11D3-BF4B-00C04F79EFBC}") = "SEM3", "SEM3\SEM3.csproj", "{DAE0164D-795F-44A5-8DF8-AC27B19A0665}"
EndProject
Project("{FAE04EC0-301F-11D3-BF4B-00C04F79EFBC}") = "Sem4_GQL", "Sem4_GQL\Sem4_GQL.csproj", "{9AA47A53-3066-4A2F-9503-8948EE814BED}"
EndProject
Project("{FAE04EC0-301F-11D3-BF4B-00C04F79EFBC}") = "SEM4_Swagger", "SEM4_Swagger\SEM4_Swagger.csproj", "{E38E155A-FDFD-46D3-99C3-2B92511F54BF}"
EndProject
Global
	GlobalSection(SolutionConfigurationPlatforms) = preSolution
		Debug|Any CPU = Debug|Any CPU
		Release|Any CPU = Release|Any CPU
	EndGlobalSection
	GlobalSection(ProjectConfigurationPlatforms) = postSolution
		{A7044B8B-3072-4E96-AAF0-7F6287606A28}.Debug|Any CPU.ActiveCfg = Debug|Any CPU
		{A7044B8B-3072-4E96-AAF0-7F6287606A28}.Debug|Any CPU.Build.0 = Debug|Any CPU
		{A7044B8B-3072-4E96-AAF0-7F6287606A28}.Release|Any CPU.ActiveCfg = Release|Any CPU
		{A7044B8B-3072-4E96-AAF0-7F6287606A28}.Release|Any CPU.Build.0 = Release|Any CPU
		{DAE0164D-795F-44A5-8DF8-AC27B19A0665}.Debug|Any CPU.ActiveCfg = Debug|Any CPU
		{DAE0164D-795F-44A5-8DF8-AC27B19A0665}.Debug|Any CPU.Build.0 = Debug|Any CPU
		{DAE0164D-795F-44A5-8DF8-AC27B19A0665}.Release|Any CPU.ActiveCfg = Release|Any CPU
		{DAE0164D-795F-44A5-8DF8-AC27B19A0665}.Release|Any CPU.Build.0 = Release|Any CPU
		{9AA47A53-3066-4A2F-9503-8948EE814BED}.Debug|Any CPU.ActiveCfg = Debug|Any CPU
		{9AA47A53-3066-4A2F-9503-8948EE814BED}.Debug|Any CPU.Build.0 = Debug|Any CPU
		{9AA47A53-3066-4A2F-9503-8948EE814BED}.Release|Any CPU.ActiveCfg = Release|Any CPU
		{9AA47A53-3066-4A2F-9503-8948EE814BED}.Release|Any CPU.Build.0 = Release|Any CPU
		{E38E155A-FDFD-46D3-99C3-2B92511F54BF}.Debug|Any CPU.ActiveCfg = Debug|Any CPU
		{E38E155A-FDFD-46D3-99C3-2B92511F54BF}.Debug|Any CPU.Build.0 = Debug|Any CPU
		{E38E155A-FDFD-46D3-99C3-2B92511F54BF}.Release|Any CPU.ActiveCfg = Release|Any CPU
		{E38E155A-FDFD-46D3-99C3-2B92511F54BF}.Release|Any CPU.Build.0 = Release|Any CPU
	EndGlobalSection
	GlobalSection(SolutionProperties) = preSolution
		HideSolutionNode = FALSE
	EndGlobalSection
	GlobalSection(ExtensibilityGlobals) = postSolution
		SolutionGuid = {BFC662B7-1CF3-4E9F-B36E-A84C26625B4E}
	EndGlobalSection
EndGlobal
